{
  "name": "curso20202021",
  "lockfileVersion": 2,
  "requires": true,
  "packages": {
    "": {
      "dependencies": {
        "bcrypt-nodejs": "^0.0.3"
      }
    },
    "node_modules/bcrypt-nodejs": {
      "version": "0.0.3",
      "resolved": "https://registry.npmjs.org/bcrypt-nodejs/-/bcrypt-nodejs-0.0.3.tgz",
      "integrity": "sha1-xgkX8m3CNWYVZsaBBhwwPCsohCs=",
      "deprecated": "bcrypt-nodejs is no longer actively maintained. Please use bcrypt or bcryptjs. See https://github.com/kelektiv/node.bcrypt.js/wiki/bcrypt-vs-brypt.js to learn more about these two options"
    }
  },
  "dependencies": {
    "bcrypt-nodejs": {
      "version": "0.0.3",
      "resolved": "https://registry.npmjs.org/bcrypt-nodejs/-/bcrypt-nodejs-0.0.3.tgz",
      "integrity": "sha1-xgkX8m3CNWYVZsaBBhwwPCsohCs="
    }
  }
}
